// !$*UTF8*$!
{
	archiveVersion = 1;
	classes = {
	};
	objectVersion = 50;
	objects = {

/* Begin PBXBuildFile section */
		3D316631214FDBB500BE810C /* ForecastViewController.swift in Sources */ = {isa = PBXBuildFile; fileRef = 3D316630214FDBB500BE810C /* ForecastViewController.swift */; };
		3D96ABE2215B732000833CFF /* WeatherHandler.swift in Sources */ = {isa = PBXBuildFile; fileRef = 3D96ABE1215B732000833CFF /* WeatherHandler.swift */; };
		3D9C82A8214189A900B72267 /* AppDelegate.swift in Sources */ = {isa = PBXBuildFile; fileRef = 3D9C82A7214189A900B72267 /* AppDelegate.swift */; };
		3D9C82AA214189A900B72267 /* ViewController.swift in Sources */ = {isa = PBXBuildFile; fileRef = 3D9C82A9214189A900B72267 /* ViewController.swift */; };
		3D9C82AD214189A900B72267 /* Main.storyboard in Resources */ = {isa = PBXBuildFile; fileRef = 3D9C82AB214189A900B72267 /* Main.storyboard */; };
		3D9C82AF214189AA00B72267 /* Assets.xcassets in Resources */ = {isa = PBXBuildFile; fileRef = 3D9C82AE214189AA00B72267 /* Assets.xcassets */; };
		3D9C82B2214189AA00B72267 /* LaunchScreen.storyboard in Resources */ = {isa = PBXBuildFile; fileRef = 3D9C82B0214189AA00B72267 /* LaunchScreen.storyboard */; };
		3D9C82BA2141A8DD00B72267 /* WeatherModel.swift in Sources */ = {isa = PBXBuildFile; fileRef = 3D9C82B92141A8DD00B72267 /* WeatherModel.swift */; };
		3DAC13C52147F2FF0085C68E /* CoreLocation.framework in Frameworks */ = {isa = PBXBuildFile; fileRef = 3DAC13C42147F2FF0085C68E /* CoreLocation.framework */; };
		3DAC13C721496AC10085C68E /* Constans.swift in Sources */ = {isa = PBXBuildFile; fileRef = 3DAC13C621496AC10085C68E /* Constans.swift */; };
		490DBCED34B45887AFF688EC /* Pods_Weather.framework in Frameworks */ = {isa = PBXBuildFile; fileRef = D7173C19AEDDA5FDBA9EFA26 /* Pods_Weather.framework */; };
/* End PBXBuildFile section */

/* Begin PBXFileReference section */
		3C5A7EE2FD1F38217E1A4EBF /* Pods-Weather.debug.xcconfig */ = {isa = PBXFileReference; includeInIndex = 1; lastKnownFileType = text.xcconfig; name = "Pods-Weather.debug.xcconfig"; path = "Pods/Target Support Files/Pods-Weather/Pods-Weather.debug.xcconfig"; sourceTree = "<group>"; };
		3D16FA512147DEC800DA7AFF /* BridgingHeader.h */ = {isa = PBXFileReference; lastKnownFileType = sourcecode.c.h; path = BridgingHeader.h; sourceTree = "<group>"; };
		3D316630214FDBB500BE810C /* ForecastViewController.swift */ = {isa = PBXFileReference; lastKnownFileType = sourcecode.swift; path = ForecastViewController.swift; sourceTree = "<group>"; };
		3D96ABE1215B732000833CFF /* WeatherHandler.swift */ = {isa = PBXFileReference; lastKnownFileType = sourcecode.swift; path = WeatherHandler.swift; sourceTree = "<group>"; };
		3D9C82A4214189A900B72267 /* Weather.app */ = {isa = PBXFileReference; explicitFileType = wrapper.application; includeInIndex = 0; path = Weather.app; sourceTree = BUILT_PRODUCTS_DIR; };
		3D9C82A7214189A900B72267 /* AppDelegate.swift */ = {isa = PBXFileReference; lastKnownFileType = sourcecode.swift; path = AppDelegate.swift; sourceTree = "<group>"; };
		3D9C82A9214189A900B72267 /* ViewController.swift */ = {isa = PBXFileReference; lastKnownFileType = sourcecode.swift; path = ViewController.swift; sourceTree = "<group>"; };
		3D9C82AC214189A900B72267 /* Base */ = {isa = PBXFileReference; lastKnownFileType = file.storyboard; name = Base; path = Base.lproj/Main.storyboard; sourceTree = "<group>"; };
		3D9C82AE214189AA00B72267 /* Assets.xcassets */ = {isa = PBXFileReference; lastKnownFileType = folder.assetcatalog; path = Assets.xcassets; sourceTree = "<group>"; };
		3D9C82B1214189AA00B72267 /* Base */ = {isa = PBXFileReference; lastKnownFileType = file.storyboard; name = Base; path = Base.lproj/LaunchScreen.storyboard; sourceTree = "<group>"; };
		3D9C82B3214189AA00B72267 /* Info.plist */ = {isa = PBXFileReference; lastKnownFileType = text.plist.xml; path = Info.plist; sourceTree = "<group>"; };
		3D9C82B92141A8DD00B72267 /* WeatherModel.swift */ = {isa = PBXFileReference; lastKnownFileType = sourcecode.swift; path = WeatherModel.swift; sourceTree = "<group>"; };
		3DAC13C42147F2FF0085C68E /* CoreLocation.framework */ = {isa = PBXFileReference; lastKnownFileType = wrapper.framework; name = CoreLocation.framework; path = System/Library/Frameworks/CoreLocation.framework; sourceTree = SDKROOT; };
		3DAC13C621496AC10085C68E /* Constans.swift */ = {isa = PBXFileReference; lastKnownFileType = sourcecode.swift; path = Constans.swift; sourceTree = "<group>"; };
		4D2DBAC772E46EA0CF215641 /* Pods-Weather.release.xcconfig */ = {isa = PBXFileReference; includeInIndex = 1; lastKnownFileType = text.xcconfig; name = "Pods-Weather.release.xcconfig"; path = "Pods/Target Support Files/Pods-Weather/Pods-Weather.release.xcconfig"; sourceTree = "<group>"; };
		D7173C19AEDDA5FDBA9EFA26 /* Pods_Weather.framework */ = {isa = PBXFileReference; explicitFileType = wrapper.framework; includeInIndex = 0; path = Pods_Weather.framework; sourceTree = BUILT_PRODUCTS_DIR; };
/* End PBXFileReference section */

/* Begin PBXFrameworksBuildPhase section */
		3D9C82A1214189A900B72267 /* Frameworks */ = {
			isa = PBXFrameworksBuildPhase;
			buildActionMask = 2147483647;
			files = (
				3DAC13C52147F2FF0085C68E /* CoreLocation.framework in Frameworks */,
				490DBCED34B45887AFF688EC /* Pods_Weather.framework in Frameworks */,
			);
			runOnlyForDeploymentPostprocessing = 0;
		};
/* End PBXFrameworksBuildPhase section */

/* Begin PBXGroup section */
		3D9C829B214189A900B72267 = {
			isa = PBXGroup;
			children = (
				3D9C82A6214189A900B72267 /* Weather */,
				3D9C82A5214189A900B72267 /* Products */,
				AC0E0D6C7B55BD1970DC3B01 /* Pods */,
				E50C36C2C9AD471A76070375 /* Frameworks */,
			);
			sourceTree = "<group>";
		};
		3D9C82A5214189A900B72267 /* Products */ = {
			isa = PBXGroup;
			children = (
				3D9C82A4214189A900B72267 /* Weather.app */,
			);
			name = Products;
			sourceTree = "<group>";
		};
		3D9C82A6214189A900B72267 /* Weather */ = {
			isa = PBXGroup;
			children = (
				3D9C82A7214189A900B72267 /* AppDelegate.swift */,
				3D9C82A9214189A900B72267 /* ViewController.swift */,
				3D316630214FDBB500BE810C /* ForecastViewController.swift */,
				3D16FA512147DEC800DA7AFF /* BridgingHeader.h */,
				3D9C82B92141A8DD00B72267 /* WeatherModel.swift */,
				3D96ABE1215B732000833CFF /* WeatherHandler.swift */,
				3DAC13C621496AC10085C68E /* Constans.swift */,
				3D9C82AB214189A900B72267 /* Main.storyboard */,
				3D9C82AE214189AA00B72267 /* Assets.xcassets */,
				3D9C82B0214189AA00B72267 /* LaunchScreen.storyboard */,
				3D9C82B3214189AA00B72267 /* Info.plist */,
			);
			path = Weather;
			sourceTree = "<group>";
		};
		AC0E0D6C7B55BD1970DC3B01 /* Pods */ = {
			isa = PBXGroup;
			children = (
				3C5A7EE2FD1F38217E1A4EBF /* Pods-Weather.debug.xcconfig */,
				4D2DBAC772E46EA0CF215641 /* Pods-Weather.release.xcconfig */,
			);
			name = Pods;
			sourceTree = "<group>";
		};
		E50C36C2C9AD471A76070375 /* Frameworks */ = {
			isa = PBXGroup;
			children = (
				3DAC13C42147F2FF0085C68E /* CoreLocation.framework */,
				D7173C19AEDDA5FDBA9EFA26 /* Pods_Weather.framework */,
			);
			name = Frameworks;
			sourceTree = "<group>";
		};
/* End PBXGroup section */

/* Begin PBXNativeTarget section */
		3D9C82A3214189A900B72267 /* Weather */ = {
			isa = PBXNativeTarget;
			buildConfigurationList = 3D9C82B6214189AA00B72267 /* Build configuration list for PBXNativeTarget "Weather" */;
			buildPhases = (
				95C3948ED953D79D3584038B /* [CP] Check Pods Manifest.lock */,
				3D9C82A0214189A900B72267 /* Sources */,
				3D9C82A1214189A900B72267 /* Frameworks */,
				3D9C82A2214189A900B72267 /* Resources */,
				567F6E849137BA13771ACF50 /* [CP] Embed Pods Frameworks */,
			);
			buildRules = (
			);
			dependencies = (
			);
			name = Weather;
			productName = Weather;
			productReference = 3D9C82A4214189A900B72267 /* Weather.app */;
			productType = "com.apple.product-type.application";
		};
/* End PBXNativeTarget section */

/* Begin PBXProject section */
		3D9C829C214189A900B72267 /* Project object */ = {
			isa = PBXProject;
			attributes = {
				LastSwiftUpdateCheck = 0940;
				LastUpgradeCheck = 0940;
				ORGANIZATIONNAME = "Lonely Tree Std";
				TargetAttributes = {
					3D9C82A3214189A900B72267 = {
						CreatedOnToolsVersion = 9.4.1;
					};
				};
			};
			buildConfigurationList = 3D9C829F214189A900B72267 /* Build configuration list for PBXProject "Weather" */;
			compatibilityVersion = "Xcode 9.3";
			developmentRegion = en;
			hasScannedForEncodings = 0;
			knownRegions = (
				en,
				Base,
			);
			mainGroup = 3D9C829B214189A900B72267;
			productRefGroup = 3D9C82A5214189A900B72267 /* Products */;
			projectDirPath = "";
			projectRoot = "";
			targets = (
				3D9C82A3214189A900B72267 /* Weather */,
			);
		};
/* End PBXProject section */

/* Begin PBXResourcesBuildPhase section */
		3D9C82A2214189A900B72267 /* Resources */ = {
			isa = PBXResourcesBuildPhase;
			buildActionMask = 2147483647;
			files = (
				3D9C82B2214189AA00B72267 /* LaunchScreen.storyboard in Resources */,
				3D9C82AF214189AA00B72267 /* Assets.xcassets in Resources */,
				3D9C82AD214189A900B72267 /* Main.storyboard in Resources */,
			);
			runOnlyForDeploymentPostprocessing = 0;
		};
/* End PBXResourcesBuildPhase section */

/* Begin PBXShellScriptBuildPhase section */
		567F6E849137BA13771ACF50 /* [CP] Embed Pods Frameworks */ = {
			isa = PBXShellScriptBuildPhase;
			buildActionMask = 2147483647;
			files = (
			);
			inputPaths = (
				"${SRCROOT}/Pods/Target Support Files/Pods-Weather/Pods-Weather-frameworks.sh",
				"${BUILT_PRODUCTS_DIR}/Alamofire/Alamofire.framework",
				"${BUILT_PRODUCTS_DIR}/MBProgressHUD/MBProgressHUD.framework",
			);
			name = "[CP] Embed Pods Frameworks";
			outputPaths = (
				"${TARGET_BUILD_DIR}/${FRAMEWORKS_FOLDER_PATH}/Alamofire.framework",
				"${TARGET_BUILD_DIR}/${FRAMEWORKS_FOLDER_PATH}/MBProgressHUD.framework",
			);
			runOnlyForDeploymentPostprocessing = 0;
			shellPath = /bin/sh;
			shellScript = "\"${SRCROOT}/Pods/Target Support Files/Pods-Weather/Pods-Weather-frameworks.sh\"\n";
			showEnvVarsInLog = 0;
		};
		95C3948ED953D79D3584038B /* [CP] Check Pods Manifest.lock */ = {
			isa = PBXShellScriptBuildPhase;
			buildActionMask = 2147483647;
			files = (
			);
			inputPaths = (
				"${PODS_PODFILE_DIR_PATH}/Podfile.lock",
				"${PODS_ROOT}/Manifest.lock",
			);
			name = "[CP] Check Pods Manifest.lock";
			outputPaths = (
				"$(DERIVED_FILE_DIR)/Pods-Weather-checkManifestLockResult.txt",
			);
			runOnlyForDeploymentPostprocessing = 0;
			shellPath = /bin/sh;
			shellScript = "diff \"${PODS_PODFILE_DIR_PATH}/Podfile.lock\" \"${PODS_ROOT}/Manifest.lock\" > /dev/null\nif [ $? != 0 ] ; then\n    # print error to STDERR\n    echo \"error: The sandbox is not in sync with the Podfile.lock. Run 'pod install' or update your CocoaPods installation.\" >&2\n    exit 1\nfi\n# This output is used by Xcode 'outputs' to avoid re-running this script phase.\necho \"SUCCESS\" > \"${SCRIPT_OUTPUT_FILE_0}\"\n";
			showEnvVarsInLog = 0;
		};
/* End PBXShellScriptBuildPhase section */

/* Begin PBXSourcesBuildPhase section */
		3D9C82A0214189A900B72267 /* Sources */ = {
			isa = PBXSourcesBuildPhase;
			buildActionMask = 2147483647;
			files = (
				3D9C82AA214189A900B72267 /* ViewController.swift in Sources */,
				3D96ABE2215B732000833CFF /* WeatherHandler.swift in Sources */,
				3D9C82A8214189A900B72267 /* AppDelegate.swift in Sources */,
				3D316631214FDBB500BE810C /* ForecastViewController.swift in Sources */,
				3DAC13C721496AC10085C68E /* Constans.swift in Sources */,
				3D9C82BA2141A8DD00B72267 /* WeatherModel.swift in Sources */,
			);
			runOnlyForDeploymentPostprocessing = 0;
		};
/* End PBXSourcesBuildPhase section */

/* Begin PBXVariantGroup section */
		3D9C82AB214189A900B72267 /* Main.storyboard */ = {
			isa = PBXVariantGroup;
			children = (
				3D9C82AC214189A900B72267 /* Base */,
			);
			name = Main.storyboard;
			sourceTree = "<group>";
		};
		3D9C82B0214189AA00B72267 /* LaunchScreen.storyboard */ = {
			isa = PBXVariantGroup;
			children = (
				3D9C82B1214189AA00B72267 /* Base */,
			);
			name = LaunchScreen.storyboard;
			sourceTree = "<group>";
		};
/* End PBXVariantGroup section */

/* Begin XCBuildConfiguration section */
		3D9C82B4214189AA00B72267 /* Debug */ = {
			isa = XCBuildConfiguration;
			buildSettings = {
				ALWAYS_SEARCH_USER_PATHS = NO;
				CLANG_ANALYZER_NONNULL = YES;
				CLANG_ANALYZER_NUMBER_OBJECT_CONVERSION = YES_AGGRESSIVE;
				CLANG_CXX_LANGUAGE_STANDARD = "gnu++14";
				CLANG_CXX_LIBRARY = "libc++";
				CLANG_ENABLE_MODULES = YES;
				CLANG_ENABLE_OBJC_ARC = YES;
				CLANG_ENABLE_OBJC_WEAK = YES;
				CLANG_WARN_BLOCK_CAPTURE_AUTORELEASING = YES;
				CLANG_WARN_BOOL_CONVERSION = YES;
				CLANG_WARN_COMMA = YES;
				CLANG_WARN_CONSTANT_CONVERSION = YES;
				CLANG_WARN_DEPRECATED_OBJC_IMPLEMENTATIONS = YES;
				CLANG_WARN_DIRECT_OBJC_ISA_USAGE = YES_ERROR;
				CLANG_WARN_DOCUMENTATION_COMMENTS = YES;
				CLANG_WARN_EMPTY_BODY = YES;
				CLANG_WARN_ENUM_CONVERSION = YES;
				CLANG_WARN_INFINITE_RECURSION = YES;
				CLANG_WARN_INT_CONVERSION = YES;
				CLANG_WARN_NON_LITERAL_NULL_CONVERSION = YES;
				CLANG_WARN_OBJC_IMPLICIT_RETAIN_SELF = YES;
				CLANG_WARN_OBJC_LITERAL_CONVERSION = YES;
				CLANG_WARN_OBJC_ROOT_CLASS = YES_ERROR;
				CLANG_WARN_RANGE_LOOP_ANALYSIS = YES;
				CLANG_WARN_STRICT_PROTOTYPES = YES;
				CLANG_WARN_SUSPICIOUS_MOVE = YES;
				CLANG_WARN_UNGUARDED_AVAILABILITY = YES_AGGRESSIVE;
				CLANG_WARN_UNREACHABLE_CODE = YES;
				CLANG_WARN__DUPLICATE_METHOD_MATCH = YES;
				CODE_SIGN_IDENTITY = "iPhone Developer";
				COPY_PHASE_STRIP = NO;
				DEBUG_INFORMATION_FORMAT = dwarf;
				ENABLE_STRICT_OBJC_MSGSEND = YES;
				ENABLE_TESTABILITY = YES;
				GCC_C_LANGUAGE_STANDARD = gnu11;
				GCC_DYNAMIC_NO_PIC = NO;
				GCC_NO_COMMON_BLOCKS = YES;
				GCC_OPTIMIZATION_LEVEL = 0;
				GCC_PREPROCESSOR_DEFINITIONS = (
					"DEBUG=1",
					"$(inherited)",
				);
				GCC_WARN_64_TO_32_BIT_CONVERSION = YES;
				GCC_WARN_ABOUT_RETURN_TYPE = YES_ERROR;
				GCC_WARN_UNDECLARED_SELECTOR = YES;
				GCC_WARN_UNINITIALIZED_AUTOS = YES_AGGRESSIVE;
				GCC_WARN_UNUSED_FUNCTION = YES;
				GCC_WARN_UNUSED_VARIABLE = YES;
				IPHONEOS_DEPLOYMENT_TARGET = 11.4;
				MTL_ENABLE_DEBUG_INFO = YES;
				ONLY_ACTIVE_ARCH = YES;
				SDKROOT = iphoneos;
				SWIFT_ACTIVE_COMPILATION_CONDITIONS = DEBUG;
				SWIFT_OPTIMIZATION_LEVEL = "-Onone";
			};
			name = Debug;
		};
		3D9C82B5214189AA00B72267 /* Release */ = {
			isa = XCBuildConfiguration;
			buildSettings = {
				ALWAYS_SEARCH_USER_PATHS = NO;
				CLANG_ANALYZER_NONNULL = YES;
				CLANG_ANALYZER_NUMBER_OBJECT_CONVERSION = YES_AGGRESSIVE;
				CLANG_CXX_LANGUAGE_STANDARD = "gnu++14";
				CLANG_CXX_LIBRARY = "libc++";
				CLANG_ENABLE_MODULES = YES;
				CLANG_ENABLE_OBJC_ARC = YES;
				CLANG_ENABLE_OBJC_WEAK = YES;
				CLANG_WARN_BLOCK_CAPTURE_AUTORELEASING = YES;
				CLANG_WARN_BOOL_CONVERSION = YES;
				CLANG_WARN_COMMA = YES;
				CLANG_WARN_CONSTANT_CONVERSION = YES;
				CLANG_WARN_DEPRECATED_OBJC_IMPLEMENTATIONS = YES;
				CLANG_WARN_DIRECT_OBJC_ISA_USAGE = YES_ERROR;
				CLANG_WARN_DOCUMENTATION_COMMENTS = YES;
				CLANG_WARN_EMPTY_BODY = YES;
				CLANG_WARN_ENUM_CONVERSION = YES;
				CLANG_WARN_INFINITE_RECURSION = YES;
				CLANG_WARN_INT_CONVERSION = YES;
				CLANG_WARN_NON_LITERAL_NULL_CONVERSION = YES;
				CLANG_WARN_OBJC_IMPLICIT_RETAIN_SELF = YES;
				CLANG_WARN_OBJC_LITERAL_CONVERSION = YES;
				CLANG_WARN_OBJC_ROOT_CLASS = YES_ERROR;
				CLANG_WARN_RANGE_LOOP_ANALYSIS = YES;
				CLANG_WARN_STRICT_PROTOTYPES = YES;
				CLANG_WARN_SUSPICIOUS_MOVE = YES;
				CLANG_WARN_UNGUARDED_AVAILABILITY = YES_AGGRESSIVE;
				CLANG_WARN_UNREACHABLE_CODE = YES;
				CLANG_WARN__DUPLICATE_METHOD_MATCH = YES;
				CODE_SIGN_IDENTITY = "iPhone Developer";
				COPY_PHASE_STRIP = NO;
				DEBUG_INFORMATION_FORMAT = "dwarf-with-dsym";
				ENABLE_NS_ASSERTIONS = NO;
				ENABLE_STRICT_OBJC_MSGSEND = YES;
				GCC_C_LANGUAGE_STANDARD = gnu11;
				GCC_NO_COMMON_BLOCKS = YES;
				GCC_WARN_64_TO_32_BIT_CONVERSION = YES;
				GCC_WARN_ABOUT_RETURN_TYPE = YES_ERROR;
				GCC_WARN_UNDECLARED_SELECTOR = YES;
				GCC_WARN_UNINITIALIZED_AUTOS = YES_AGGRESSIVE;
				GCC_WARN_UNUSED_FUNCTION = YES;
				GCC_WARN_UNUSED_VARIABLE = YES;
				IPHONEOS_DEPLOYMENT_TARGET = 11.4;
				MTL_ENABLE_DEBUG_INFO = NO;
				SDKROOT = iphoneos;
				SWIFT_COMPILATION_MODE = wholemodule;
				SWIFT_OPTIMIZATION_LEVEL = "-O";
				VALIDATE_PRODUCT = YES;
			};
			name = Release;
		};
		3D9C82B7214189AA00B72267 /* Debug */ = {
			isa = XCBuildConfiguration;
			baseConfigurationReference = 3C5A7EE2FD1F38217E1A4EBF /* Pods-Weather.debug.xcconfig */;
			buildSettings = {
				ASSETCATALOG_COMPILER_APPICON_NAME = AppIcon;
				CODE_SIGN_STYLE = Automatic;
				DEVELOPMENT_TEAM = RRULVPPFF3;
				INFOPLIST_FILE = Weather/Info.plist;
				LD_RUNPATH_SEARCH_PATHS = (
					"$(inherited)",
					"@executable_path/Frameworks",
				);
				PRODUCT_BUNDLE_IDENTIFIER = com.LonelyTreeStd.Weather;
				PRODUCT_NAME = "$(TARGET_NAME)";
				"SWIFT_OBJC_BRIDGING_HEADER[arch=*]" = Weather/BridgingHeader.h;
				SWIFT_VERSION = 4.0;
				TARGETED_DEVICE_FAMILY = "1,2";
			};
			name = Debug;
		};
		3D9C82B8214189AA00B72267 /* Release */ = {
			isa = XCBuildConfiguration;
			baseConfigurationReference = 4D2DBAC772E46EA0CF215641 /* Pods-Weather.release.xcconfig */;
			buildSettings = {
				ASSETCATALOG_COMPILER_APPICON_NAME = AppIcon;
				CODE_SIGN_STYLE = Automatic;
				DEVELOPMENT_TEAM = RRULVPPFF3;
				INFOPLIST_FILE = Weather/Info.plist;
				LD_RUNPATH_SEARCH_PATHS = (
					"$(inherited)",
					"@executable_path/Frameworks",
				);
				PRODUCT_BUNDLE_IDENTIFIER = com.LonelyTreeStd.Weather;
				PRODUCT_NAME = "$(TARGET_NAME)";
				"SWIFT_OBJC_BRIDGING_HEADER[arch=*]" = Weather/BridgingHeader.h;
				SWIFT_VERSION = 4.0;
				TARGETED_DEVICE_FAMILY = "1,2";
			};
			name = Release;
		};
/* End XCBuildConfiguration section */

/* Begin XCConfigurationList section */
		3D9C829F214189A900B72267 /* Build configuration list for PBXProject "Weather" */ = {
			isa = XCConfigurationList;
			buildConfigurations = (
				3D9C82B4214189AA00B72267 /* Debug */,
				3D9C82B5214189AA00B72267 /* Release */,
			);
			defaultConfigurationIsVisible = 0;
			defaultConfigurationName = Release;
		};
		3D9C82B6214189AA00B72267 /* Build configuration list for PBXNativeTarget "Weather" */ = {
			isa = XCConfigurationList;
			buildConfigurations = (
				3D9C82B7214189AA00B72267 /* Debug */,
				3D9C82B8214189AA00B72267 /* Release */,
			);
			defaultConfigurationIsVisible = 0;
			defaultConfigurationName = Release;
		};
/* End XCConfigurationList section */
	};
	rootObject = 3D9C829C214189A900B72267 /* Project object */;
}
